
Microsoft Visual Studio Solution File, Format Version 12.00
# Visual Studio Version 17
VisualStudioVersion = 17.4.33103.184
MinimumVisualStudioVersion = 10.0.40219.1
Project("{FAE04EC0-301F-11D3-BF4B-00C04F79EFBC}") = "Prueba", "Prueba\Prueba.csproj", "{58DB17A1-886A-4135-BC5A-7005120C9648}"
EndProject
Global
	GlobalSection(SolutionConfigurationPlatforms) = preSolution
		Debug|Any CPU = Debug|Any CPU
		Release|Any CPU = Release|Any CPU
	EndGlobalSection
	GlobalSection(ProjectConfigurationPlatforms) = postSolution
		{58DB17A1-886A-4135-BC5A-7005120C9648}.Debug|Any CPU.ActiveCfg = Debug|Any CPU
		{58DB17A1-886A-4135-BC5A-7005120C9648}.Debug|Any CPU.Build.0 = Debug|Any CPU
		{58DB17A1-886A-4135-BC5A-7005120C9648}.Release|Any CPU.ActiveCfg = Release|Any CPU
		{58DB17A1-886A-4135-BC5A-7005120C9648}.Release|Any CPU.Build.0 = Release|Any CPU
	EndGlobalSection
	GlobalSection(SolutionProperties) = preSolution
		HideSolutionNode = FALSE
	EndGlobalSection
	GlobalSection(ExtensibilityGlobals) = postSolution
		SolutionGuid = {84FE286C-1BE0-4A65-A542-D838449FFB41}
	EndGlobalSection
EndGlobal
